
Microsoft Visual Studio Solution File, Format Version 11.00
# Visual Basic Express 2010
Project("{F184B08F-C81C-45F6-A57F-5ABD9991F28F}") = "BarcodeScannerForPC", "BarcodeScannerForPC\BarcodeScannerForPC.vbproj", "{9589DF8A-45BC-469A-8C7B-D137DD8158C6}"
EndProject
Global
	GlobalSection(SolutionConfigurationPlatforms) = preSolution
		Debug|x86 = Debug|x86
		Release|x86 = Release|x86
	EndGlobalSection
	GlobalSection(ProjectConfigurationPlatforms) = postSolution
		{9589DF8A-45BC-469A-8C7B-D137DD8158C6}.Debug|x86.ActiveCfg = Debug|x86
		{9589DF8A-45BC-469A-8C7B-D137DD8158C6}.Debug|x86.Build.0 = Debug|x86
		{9589DF8A-45BC-469A-8C7B-D137DD8158C6}.Release|x86.ActiveCfg = Release|x86
		{9589DF8A-45BC-469A-8C7B-D137DD8158C6}.Release|x86.Build.0 = Release|x86
	EndGlobalSection
	GlobalSection(SolutionProperties) = preSolution
		HideSolutionNode = FALSE
	EndGlobalSection
EndGlobal
